
Microsoft Visual Studio Solution File, Format Version 12.00
# Visual Studio Version 16
VisualStudioVersion = 16.0.29326.143
MinimumVisualStudioVersion = 10.0.40219.1
Project("{9A19103F-16F7-4668-BE54-9A1E7A4F7556}") = "AddendumTask", "AddendumTask.csproj", "{DEF9AB74-F288-4FF2-9D0D-393F07B8C0C2}"
EndProject
Project("{FAE04EC0-301F-11D3-BF4B-00C04F79EFBC}") = "AddendumTests", "..\UnitTestProject1\AddendumTests.csproj", "{37162359-D6D5-4AEC-BD2F-8BEC409D75FB}"
EndProject
Global
	GlobalSection(SolutionConfigurationPlatforms) = preSolution
		Debug|Any CPU = Debug|Any CPU
		Release|Any CPU = Release|Any CPU
	EndGlobalSection
	GlobalSection(ProjectConfigurationPlatforms) = postSolution
		{DEF9AB74-F288-4FF2-9D0D-393F07B8C0C2}.Debug|Any CPU.ActiveCfg = Debug|Any CPU
		{DEF9AB74-F288-4FF2-9D0D-393F07B8C0C2}.Debug|Any CPU.Build.0 = Debug|Any CPU
		{DEF9AB74-F288-4FF2-9D0D-393F07B8C0C2}.Release|Any CPU.ActiveCfg = Release|Any CPU
		{DEF9AB74-F288-4FF2-9D0D-393F07B8C0C2}.Release|Any CPU.Build.0 = Release|Any CPU
		{37162359-D6D5-4AEC-BD2F-8BEC409D75FB}.Debug|Any CPU.ActiveCfg = Debug|Any CPU
		{37162359-D6D5-4AEC-BD2F-8BEC409D75FB}.Debug|Any CPU.Build.0 = Debug|Any CPU
		{37162359-D6D5-4AEC-BD2F-8BEC409D75FB}.Release|Any CPU.ActiveCfg = Release|Any CPU
		{37162359-D6D5-4AEC-BD2F-8BEC409D75FB}.Release|Any CPU.Build.0 = Release|Any CPU
	EndGlobalSection
	GlobalSection(SolutionProperties) = preSolution
		HideSolutionNode = FALSE
	EndGlobalSection
	GlobalSection(ExtensibilityGlobals) = postSolution
		SolutionGuid = {4DC9EAED-19EF-42FE-80AE-B54089997CCD}
	EndGlobalSection
EndGlobal
